
Microsoft Visual Studio Solution File, Format Version 12.00
# Visual Studio 15
VisualStudioVersion = 15.0.27004.2005
MinimumVisualStudioVersion = 10.0.40219.1
Project("{FAE04EC0-301F-11D3-BF4B-00C04F79EFBC}") = "Products.Android", "Products\Products.Android\Products.Android.csproj", "{70659730-3EA2-4709-8905-77D19FE0EE34}"
EndProject
Project("{FAE04EC0-301F-11D3-BF4B-00C04F79EFBC}") = "Products", "Products\Products\Products.csproj", "{638B7D1F-9988-4B86-8312-C3A50C30E202}"
EndProject
Project("{FAE04EC0-301F-11D3-BF4B-00C04F79EFBC}") = "Products.UWP", "Products\Products.UWP\Products.UWP.csproj", "{B4350CDE-C4F2-43D2-9D84-73E3E865C85B}"
EndProject
Project("{FAE04EC0-301F-11D3-BF4B-00C04F79EFBC}") = "Products.iOS", "Products\Products.iOS\Products.iOS.csproj", "{DA4346F9-E2BE-423D-9F50-CCD5CF784CEE}"
EndProject
Project("{FAE04EC0-301F-11D3-BF4B-00C04F79EFBC}") = "Products.Domain", "Products.Domain\Products.Domain.csproj", "{B8D07680-42D8-4738-97E6-B8A8A16FA872}"
EndProject
Project("{FAE04EC0-301F-11D3-BF4B-00C04F79EFBC}") = "Products.Backend", "Products.Backend\Products.Backend.csproj", "{2B066AAE-0E48-45B1-8CAD-3FFC7BCCE491}"
EndProject
Project("{FAE04EC0-301F-11D3-BF4B-00C04F79EFBC}") = "Products.API", "Products.API\Products.API.csproj", "{60B91B7E-E1D0-4018-AC9E-F27A3204A8FE}"
EndProject
Global
	GlobalSection(SolutionConfigurationPlatforms) = preSolution
		Ad-Hoc|Any CPU = Ad-Hoc|Any CPU
		Ad-Hoc|ARM = Ad-Hoc|ARM
		Ad-Hoc|iPhone = Ad-Hoc|iPhone
		Ad-Hoc|iPhoneSimulator = Ad-Hoc|iPhoneSimulator
		Ad-Hoc|x64 = Ad-Hoc|x64
		Ad-Hoc|x86 = Ad-Hoc|x86
		AppStore|Any CPU = AppStore|Any CPU
		AppStore|ARM = AppStore|ARM
		AppStore|iPhone = AppStore|iPhone
		AppStore|iPhoneSimulator = AppStore|iPhoneSimulator
		AppStore|x64 = AppStore|x64
		AppStore|x86 = AppStore|x86
		Debug|Any CPU = Debug|Any CPU
		Debug|ARM = Debug|ARM
		Debug|iPhone = Debug|iPhone
		Debug|iPhoneSimulator = Debug|iPhoneSimulator
		Debug|x64 = Debug|x64
		Debug|x86 = Debug|x86
		Release|Any CPU = Release|Any CPU
		Release|ARM = Release|ARM
		Release|iPhone = Release|iPhone
		Release|iPhoneSimulator = Release|iPhoneSimulator
		Release|x64 = Release|x64
		Release|x86 = Release|x86
	EndGlobalSection
	GlobalSection(ProjectConfigurationPlatforms) = postSolution
		{70659730-3EA2-4709-8905-77D19FE0EE34}.Ad-Hoc|Any CPU.ActiveCfg = Release|Any CPU
		{70659730-3EA2-4709-8905-77D19FE0EE34}.Ad-Hoc|Any CPU.Build.0 = Release|Any CPU
		{70659730-3EA2-4709-8905-77D19FE0EE34}.Ad-Hoc|Any CPU.Deploy.0 = Release|Any CPU
		{70659730-3EA2-4709-8905-77D19FE0EE34}.Ad-Hoc|ARM.ActiveCfg = Release|Any CPU
		{70659730-3EA2-4709-8905-77D19FE0EE34}.Ad-Hoc|ARM.Build.0 = Release|Any CPU
		{70659730-3EA2-4709-8905-77D19FE0EE34}.Ad-Hoc|ARM.Deploy.0 = Release|Any CPU
		{70659730-3EA2-4709-8905-77D19FE0EE34}.Ad-Hoc|iPhone.ActiveCfg = Release|Any CPU
		{70659730-3EA2-4709-8905-77D19FE0EE34}.Ad-Hoc|iPhone.Build.0 = Release|Any CPU
		{70659730-3EA2-4709-8905-77D19FE0EE34}.Ad-Hoc|iPhone.Deploy.0 = Release|Any CPU
		{70659730-3EA2-4709-8905-77D19FE0EE34}.Ad-Hoc|iPhoneSimulator.ActiveCfg = Release|Any CPU
		{70659730-3EA2-4709-8905-77D19FE0EE34}.Ad-Hoc|iPhoneSimulator.Build.0 = Release|Any CPU
		{70659730-3EA2-4709-8905-77D19FE0EE34}.Ad-Hoc|iPhoneSimulator.Deploy.0 = Release|Any CPU
		{70659730-3EA2-4709-8905-77D19FE0EE34}.Ad-Hoc|x64.ActiveCfg = Release|Any CPU
		{70659730-3EA2-4709-8905-77D19FE0EE34}.Ad-Hoc|x64.Build.0 = Release|Any CPU
		{70659730-3EA2-4709-8905-77D19FE0EE34}.Ad-Hoc|x64.Deploy.0 = Release|Any CPU
		{70659730-3EA2-4709-8905-77D19FE0EE34}.Ad-Hoc|x86.ActiveCfg = Release|Any CPU
		{70659730-3EA2-4709-8905-77D19FE0EE34}.Ad-Hoc|x86.Build.0 = Release|Any CPU
		{70659730-3EA2-4709-8905-77D19FE0EE34}.Ad-Hoc|x86.Deploy.0 = Release|Any CPU
		{70659730-3EA2-4709-8905-77D19FE0EE34}.AppStore|Any CPU.ActiveCfg = Release|Any CPU
		{70659730-3EA2-4709-8905-77D19FE0EE34}.AppStore|Any CPU.Build.0 = Release|Any CPU
		{70659730-3EA2-4709-8905-77D19FE0EE34}.AppStore|Any CPU.Deploy.0 = Release|Any CPU
		{70659730-3EA2-4709-8905-77D19FE0EE34}.AppStore|ARM.ActiveCfg = Release|Any CPU
		{70659730-3EA2-4709-8905-77D19FE0EE34}.AppStore|ARM.Build.0 = Release|Any CPU
		{70659730-3EA2-4709-8905-77D19FE0EE34}.AppStore|ARM.Deploy.0 = Release|Any CPU
		{70659730-3EA2-4709-8905-77D19FE0EE34}.AppStore|iPhone.ActiveCfg = Release|Any CPU
		{70659730-3EA2-4709-8905-77D19FE0EE34}.AppStore|iPhone.Build.0 = Release|Any CPU
		{70659730-3EA2-4709-8905-77D19FE0EE34}.AppStore|iPhone.Deploy.0 = Release|Any CPU
		{70659730-3EA2-4709-8905-77D19FE0EE34}.AppStore|iPhoneSimulator.ActiveCfg = Release|Any CPU
		{70659730-3EA2-4709-8905-77D19FE0EE34}.AppStore|iPhoneSimulator.Build.0 = Release|Any CPU
		{70659730-3EA2-4709-8905-77D19FE0EE34}.AppStore|iPhoneSimulator.Deploy.0 = Release|Any CPU
		{70659730-3EA2-4709-8905-77D19FE0EE34}.AppStore|x64.ActiveCfg = Release|Any CPU
		{70659730-3EA2-4709-8905-77D19FE0EE34}.AppStore|x64.Build.0 = Release|Any CPU
		{70659730-3EA2-4709-8905-77D19FE0EE34}.AppStore|x64.Deploy.0 = Release|Any CPU
		{70659730-3EA2-4709-8905-77D19FE0EE34}.AppStore|x86.ActiveCfg = Release|Any CPU
		{70659730-3EA2-4709-8905-77D19FE0EE34}.AppStore|x86.Build.0 = Release|Any CPU
		{70659730-3EA2-4709-8905-77D19FE0EE34}.AppStore|x86.Deploy.0 = Release|Any CPU
		{70659730-3EA2-4709-8905-77D19FE0EE34}.Debug|Any CPU.ActiveCfg = Debug|Any CPU
		{70659730-3EA2-4709-8905-77D19FE0EE34}.Debug|Any CPU.Build.0 = Debug|Any CPU
		{70659730-3EA2-4709-8905-77D19FE0EE34}.Debug|Any CPU.Deploy.0 = Debug|Any CPU
		{70659730-3EA2-4709-8905-77D19FE0EE34}.Debug|ARM.ActiveCfg = Debug|Any CPU
		{70659730-3EA2-4709-8905-77D19FE0EE34}.Debug|ARM.Build.0 = Debug|Any CPU
		{70659730-3EA2-4709-8905-77D19FE0EE34}.Debug|ARM.Deploy.0 = Debug|Any CPU
		{70659730-3EA2-4709-8905-77D19FE0EE34}.Debug|iPhone.ActiveCfg = Debug|Any CPU
		{70659730-3EA2-4709-8905-77D19FE0EE34}.Debug|iPhone.Build.0 = Debug|Any CPU
		{70659730-3EA2-4709-8905-77D19FE0EE34}.Debug|iPhone.Deploy.0 = Debug|Any CPU
		{70659730-3EA2-4709-8905-77D19FE0EE34}.Debug|iPhoneSimulator.ActiveCfg = Debug|Any CPU
		{70659730-3EA2-4709-8905-77D19FE0EE34}.Debug|iPhoneSimulator.Build.0 = Debug|Any CPU
		{70659730-3EA2-4709-8905-77D19FE0EE34}.Debug|iPhoneSimulator.Deploy.0 = Debug|Any CPU
		{70659730-3EA2-4709-8905-77D19FE0EE34}.Debug|x64.ActiveCfg = Debug|Any CPU
		{70659730-3EA2-4709-8905-77D19FE0EE34}.Debug|x64.Build.0 = Debug|Any CPU
		{70659730-3EA2-4709-8905-77D19FE0EE34}.Debug|x64.Deploy.0 = Debug|Any CPU
		{70659730-3EA2-4709-8905-77D19FE0EE34}.Debug|x86.ActiveCfg = Debug|Any CPU
		{70659730-3EA2-4709-8905-77D19FE0EE34}.Debug|x86.Build.0 = Debug|Any CPU
		{70659730-3EA2-4709-8905-77D19FE0EE34}.Debug|x86.Deploy.0 = Debug|Any CPU
		{70659730-3EA2-4709-8905-77D19FE0EE34}.Release|Any CPU.ActiveCfg = Release|Any CPU
		{70659730-3EA2-4709-8905-77D19FE0EE34}.Release|Any CPU.Build.0 = Release|Any CPU
		{70659730-3EA2-4709-8905-77D19FE0EE34}.Release|Any CPU.Deploy.0 = Release|Any CPU
		{70659730-3EA2-4709-8905-77D19FE0EE34}.Release|ARM.ActiveCfg = Release|Any CPU
		{70659730-3EA2-4709-8905-77D19FE0EE34}.Release|ARM.Build.0 = Release|Any CPU
		{70659730-3EA2-4709-8905-77D19FE0EE34}.Release|ARM.Deploy.0 = Release|Any CPU
		{70659730-3EA2-4709-8905-77D19FE0EE34}.Release|iPhone.ActiveCfg = Release|Any CPU
		{70659730-3EA2-4709-8905-77D19FE0EE34}.Release|iPhone.Build.0 = Release|Any CPU
		{70659730-3EA2-4709-8905-77D19FE0EE34}.Release|iPhone.Deploy.0 = Release|Any CPU
		{70659730-3EA2-4709-8905-77D19FE0EE34}.Release|iPhoneSimulator.ActiveCfg = Release|Any CPU
		{70659730-3EA2-4709-8905-77D19FE0EE34}.Release|iPhoneSimulator.Build.0 = Release|Any CPU
		{70659730-3EA2-4709-8905-77D19FE0EE34}.Release|iPhoneSimulator.Deploy.0 = Release|Any CPU
		{70659730-3EA2-4709-8905-77D19FE0EE34}.Release|x64.ActiveCfg = Release|Any CPU
		{70659730-3EA2-4709-8905-77D19FE0EE34}.Release|x64.Build.0 = Release|Any CPU
		{70659730-3EA2-4709-8905-77D19FE0EE34}.Release|x64.Deploy.0 = Release|Any CPU
		{70659730-3EA2-4709-8905-77D19FE0EE34}.Release|x86.ActiveCfg = Release|Any CPU
		{70659730-3EA2-4709-8905-77D19FE0EE34}.Release|x86.Build.0 = Release|Any CPU
		{70659730-3EA2-4709-8905-77D19FE0EE34}.Release|x86.Deploy.0 = Release|Any CPU
		{638B7D1F-9988-4B86-8312-C3A50C30E202}.Ad-Hoc|Any CPU.ActiveCfg = Release|Any CPU
		{638B7D1F-9988-4B86-8312-C3A50C30E202}.Ad-Hoc|Any CPU.Build.0 = Release|Any CPU
		{638B7D1F-9988-4B86-8312-C3A50C30E202}.Ad-Hoc|ARM.ActiveCfg = Release|Any CPU
		{638B7D1F-9988-4B86-8312-C3A50C30E202}.Ad-Hoc|ARM.Build.0 = Release|Any CPU
		{638B7D1F-9988-4B86-8312-C3A50C30E202}.Ad-Hoc|iPhone.ActiveCfg = Release|Any CPU
		{638B7D1F-9988-4B86-8312-C3A50C30E202}.Ad-Hoc|iPhone.Build.0 = Release|Any CPU
		{638B7D1F-9988-4B86-8312-C3A50C30E202}.Ad-Hoc|iPhoneSimulator.ActiveCfg = Release|Any CPU
		{638B7D1F-9988-4B86-8312-C3A50C30E202}.Ad-Hoc|iPhoneSimulator.Build.0 = Release|Any CPU
		{638B7D1F-9988-4B86-8312-C3A50C30E202}.Ad-Hoc|x64.ActiveCfg = Release|Any CPU
		{638B7D1F-9988-4B86-8312-C3A50C30E202}.Ad-Hoc|x64.Build.0 = Release|Any CPU
		{638B7D1F-9988-4B86-8312-C3A50C30E202}.Ad-Hoc|x86.ActiveCfg = Release|Any CPU
		{638B7D1F-9988-4B86-8312-C3A50C30E202}.Ad-Hoc|x86.Build.0 = Release|Any CPU
		{638B7D1F-9988-4B86-8312-C3A50C30E202}.AppStore|Any CPU.ActiveCfg = Release|Any CPU
		{638B7D1F-9988-4B86-8312-C3A50C30E202}.AppStore|Any CPU.Build.0 = Release|Any CPU
		{638B7D1F-9988-4B86-8312-C3A50C30E202}.AppStore|ARM.ActiveCfg = Release|Any CPU
		{638B7D1F-9988-4B86-8312-C3A50C30E202}.AppStore|ARM.Build.0 = Release|Any CPU
		{638B7D1F-9988-4B86-8312-C3A50C30E202}.AppStore|iPhone.ActiveCfg = Release|Any CPU
		{638B7D1F-9988-4B86-8312-C3A50C30E202}.AppStore|iPhone.Build.0 = Release|Any CPU
		{638B7D1F-9988-4B86-8312-C3A50C30E202}.AppStore|iPhoneSimulator.ActiveCfg = Release|Any CPU
		{638B7D1F-9988-4B86-8312-C3A50C30E202}.AppStore|iPhoneSimulator.Build.0 = Release|Any CPU
		{638B7D1F-9988-4B86-8312-C3A50C30E202}.AppStore|x64.ActiveCfg = Release|Any CPU
		{638B7D1F-9988-4B86-8312-C3A50C30E202}.AppStore|x64.Build.0 = Release|Any CPU
		{638B7D1F-9988-4B86-8312-C3A50C30E202}.AppStore|x86.ActiveCfg = Release|Any CPU
		{638B7D1F-9988-4B86-8312-C3A50C30E202}.AppStore|x86.Build.0 = Release|Any CPU
		{638B7D1F-9988-4B86-8312-C3A50C30E202}.Debug|Any CPU.ActiveCfg = Debug|Any CPU
		{638B7D1F-9988-4B86-8312-C3A50C30E202}.Debug|Any CPU.Build.0 = Debug|Any CPU
		{638B7D1F-9988-4B86-8312-C3A50C30E202}.Debug|ARM.ActiveCfg = Debug|Any CPU
		{638B7D1F-9988-4B86-8312-C3A50C30E202}.Debug|ARM.Build.0 = Debug|Any CPU
		{638B7D1F-9988-4B86-8312-C3A50C30E202}.Debug|iPhone.ActiveCfg = Debug|Any CPU
		{638B7D1F-9988-4B86-8312-C3A50C30E202}.Debug|iPhone.Build.0 = Debug|Any CPU
		{638B7D1F-9988-4B86-8312-C3A50C30E202}.Debug|iPhoneSimulator.ActiveCfg = Debug|Any CPU
		{638B7D1F-9988-4B86-8312-C3A50C30E202}.Debug|iPhoneSimulator.Build.0 = Debug|Any CPU
		{638B7D1F-9988-4B86-8312-C3A50C30E202}.Debug|x64.ActiveCfg = Debug|Any CPU
		{638B7D1F-9988-4B86-8312-C3A50C30E202}.Debug|x64.Build.0 = Debug|Any CPU
		{638B7D1F-9988-4B86-8312-C3A50C30E202}.Debug|x86.ActiveCfg = Debug|Any CPU
		{638B7D1F-9988-4B86-8312-C3A50C30E202}.Debug|x86.Build.0 = Debug|Any CPU
		{638B7D1F-9988-4B86-8312-C3A50C30E202}.Release|Any CPU.ActiveCfg = Release|Any CPU
		{638B7D1F-9988-4B86-8312-C3A50C30E202}.Release|Any CPU.Build.0 = Release|Any CPU
		{638B7D1F-9988-4B86-8312-C3A50C30E202}.Release|ARM.ActiveCfg = Release|Any CPU
		{638B7D1F-9988-4B86-8312-C3A50C30E202}.Release|ARM.Build.0 = Release|Any CPU
		{638B7D1F-9988-4B86-8312-C3A50C30E202}.Release|iPhone.ActiveCfg = Release|Any CPU
		{638B7D1F-9988-4B86-8312-C3A50C30E202}.Release|iPhone.Build.0 = Release|Any CPU
		{638B7D1F-9988-4B86-8312-C3A50C30E202}.Release|iPhoneSimulator.ActiveCfg = Release|Any CPU
		{638B7D1F-9988-4B86-8312-C3A50C30E202}.Release|iPhoneSimulator.Build.0 = Release|Any CPU
		{638B7D1F-9988-4B86-8312-C3A50C30E202}.Release|x64.ActiveCfg = Release|Any CPU
		{638B7D1F-9988-4B86-8312-C3A50C30E202}.Release|x64.Build.0 = Release|Any CPU
		{638B7D1F-9988-4B86-8312-C3A50C30E202}.Release|x86.ActiveCfg = Release|Any CPU
		{638B7D1F-9988-4B86-8312-C3A50C30E202}.Release|x86.Build.0 = Release|Any CPU
		{B4350CDE-C4F2-43D2-9D84-73E3E865C85B}.Ad-Hoc|Any CPU.ActiveCfg = Release|x86
		{B4350CDE-C4F2-43D2-9D84-73E3E865C85B}.Ad-Hoc|Any CPU.Build.0 = Release|x86
		{B4350CDE-C4F2-43D2-9D84-73E3E865C85B}.Ad-Hoc|Any CPU.Deploy.0 = Release|x86
		{B4350CDE-C4F2-43D2-9D84-73E3E865C85B}.Ad-Hoc|ARM.ActiveCfg = Release|ARM
		{B4350CDE-C4F2-43D2-9D84-73E3E865C85B}.Ad-Hoc|ARM.Build.0 = Release|ARM
		{B4350CDE-C4F2-43D2-9D84-73E3E865C85B}.Ad-Hoc|ARM.Deploy.0 = Release|ARM
		{B4350CDE-C4F2-43D2-9D84-73E3E865C85B}.Ad-Hoc|iPhone.ActiveCfg = Release|x86
		{B4350CDE-C4F2-43D2-9D84-73E3E865C85B}.Ad-Hoc|iPhone.Build.0 = Release|x86
		{B4350CDE-C4F2-43D2-9D84-73E3E865C85B}.Ad-Hoc|iPhone.Deploy.0 = Release|x86
		{B4350CDE-C4F2-43D2-9D84-73E3E865C85B}.Ad-Hoc|iPhoneSimulator.ActiveCfg = Release|x86
		{B4350CDE-C4F2-43D2-9D84-73E3E865C85B}.Ad-Hoc|iPhoneSimulator.Build.0 = Release|x86
		{B4350CDE-C4F2-43D2-9D84-73E3E865C85B}.Ad-Hoc|iPhoneSimulator.Deploy.0 = Release|x86
		{B4350CDE-C4F2-43D2-9D84-73E3E865C85B}.Ad-Hoc|x64.ActiveCfg = Release|x64
		{B4350CDE-C4F2-43D2-9D84-73E3E865C85B}.Ad-Hoc|x64.Build.0 = Release|x64
		{B4350CDE-C4F2-43D2-9D84-73E3E865C85B}.Ad-Hoc|x64.Deploy.0 = Release|x64
		{B4350CDE-C4F2-43D2-9D84-73E3E865C85B}.Ad-Hoc|x86.ActiveCfg = Release|x86
		{B4350CDE-C4F2-43D2-9D84-73E3E865C85B}.Ad-Hoc|x86.Build.0 = Release|x86
		{B4350CDE-C4F2-43D2-9D84-73E3E865C85B}.Ad-Hoc|x86.Deploy.0 = Release|x86
		{B4350CDE-C4F2-43D2-9D84-73E3E865C85B}.AppStore|Any CPU.ActiveCfg = Release|x86
		{B4350CDE-C4F2-43D2-9D84-73E3E865C85B}.AppStore|Any CPU.Build.0 = Release|x86
		{B4350CDE-C4F2-43D2-9D84-73E3E865C85B}.AppStore|Any CPU.Deploy.0 = Release|x86
		{B4350CDE-C4F2-43D2-9D84-73E3E865C85B}.AppStore|ARM.ActiveCfg = Release|ARM
		{B4350CDE-C4F2-43D2-9D84-73E3E865C85B}.AppStore|ARM.Build.0 = Release|ARM
		{B4350CDE-C4F2-43D2-9D84-73E3E865C85B}.AppStore|ARM.Deploy.0 = Release|ARM
		{B4350CDE-C4F2-43D2-9D84-73E3E865C85B}.AppStore|iPhone.ActiveCfg = Release|x86
		{B4350CDE-C4F2-43D2-9D84-73E3E865C85B}.AppStore|iPhone.Build.0 = Release|x86
		{B4350CDE-C4F2-43D2-9D84-73E3E865C85B}.AppStore|iPhone.Deploy.0 = Release|x86
		{B4350CDE-C4F2-43D2-9D84-73E3E865C85B}.AppStore|iPhoneSimulator.ActiveCfg = Release|x86
		{B4350CDE-C4F2-43D2-9D84-73E3E865C85B}.AppStore|iPhoneSimulator.Build.0 = Release|x86
		{B4350CDE-C4F2-43D2-9D84-73E3E865C85B}.AppStore|iPhoneSimulator.Deploy.0 = Release|x86
		{B4350CDE-C4F2-43D2-9D84-73E3E865C85B}.AppStore|x64.ActiveCfg = Release|x64
		{B4350CDE-C4F2-43D2-9D84-73E3E865C85B}.AppStore|x64.Build.0 = Release|x64
		{B4350CDE-C4F2-43D2-9D84-73E3E865C85B}.AppStore|x64.Deploy.0 = Release|x64
		{B4350CDE-C4F2-43D2-9D84-73E3E865C85B}.AppStore|x86.ActiveCfg = Release|x86
		{B4350CDE-C4F2-43D2-9D84-73E3E865C85B}.AppStore|x86.Build.0 = Release|x86
		{B4350CDE-C4F2-43D2-9D84-73E3E865C85B}.AppStore|x86.Deploy.0 = Release|x86
		{B4350CDE-C4F2-43D2-9D84-73E3E865C85B}.Debug|Any CPU.ActiveCfg = Debug|x86
		{B4350CDE-C4F2-43D2-9D84-73E3E865C85B}.Debug|ARM.ActiveCfg = Debug|ARM
		{B4350CDE-C4F2-43D2-9D84-73E3E865C85B}.Debug|ARM.Build.0 = Debug|ARM
		{B4350CDE-C4F2-43D2-9D84-73E3E865C85B}.Debug|ARM.Deploy.0 = Debug|ARM
		{B4350CDE-C4F2-43D2-9D84-73E3E865C85B}.Debug|iPhone.ActiveCfg = Debug|x86
		{B4350CDE-C4F2-43D2-9D84-73E3E865C85B}.Debug|iPhoneSimulator.ActiveCfg = Debug|x86
		{B4350CDE-C4F2-43D2-9D84-73E3E865C85B}.Debug|x64.ActiveCfg = Debug|x64
		{B4350CDE-C4F2-43D2-9D84-73E3E865C85B}.Debug|x64.Build.0 = Debug|x64
		{B4350CDE-C4F2-43D2-9D84-73E3E865C85B}.Debug|x64.Deploy.0 = Debug|x64
		{B4350CDE-C4F2-43D2-9D84-73E3E865C85B}.Debug|x86.ActiveCfg = Debug|x86
		{B4350CDE-C4F2-43D2-9D84-73E3E865C85B}.Debug|x86.Build.0 = Debug|x86
		{B4350CDE-C4F2-43D2-9D84-73E3E865C85B}.Debug|x86.Deploy.0 = Debug|x86
		{B4350CDE-C4F2-43D2-9D84-73E3E865C85B}.Release|Any CPU.ActiveCfg = Release|x86
		{B4350CDE-C4F2-43D2-9D84-73E3E865C85B}.Release|ARM.ActiveCfg = Release|ARM
		{B4350CDE-C4F2-43D2-9D84-73E3E865C85B}.Release|ARM.Build.0 = Release|ARM
		{B4350CDE-C4F2-43D2-9D84-73E3E865C85B}.Release|ARM.Deploy.0 = Release|ARM
		{B4350CDE-C4F2-43D2-9D84-73E3E865C85B}.Release|iPhone.ActiveCfg = Release|x86
		{B4350CDE-C4F2-43D2-9D84-73E3E865C85B}.Release|iPhoneSimulator.ActiveCfg = Release|x86
		{B4350CDE-C4F2-43D2-9D84-73E3E865C85B}.Release|x64.ActiveCfg = Release|x64
		{B4350CDE-C4F2-43D2-9D84-73E3E865C85B}.Release|x64.Build.0 = Release|x64
		{B4350CDE-C4F2-43D2-9D84-73E3E865C85B}.Release|x64.Deploy.0 = Release|x64
		{B4350CDE-C4F2-43D2-9D84-73E3E865C85B}.Release|x86.ActiveCfg = Release|x86
		{B4350CDE-C4F2-43D2-9D84-73E3E865C85B}.Release|x86.Build.0 = Release|x86
		{B4350CDE-C4F2-43D2-9D84-73E3E865C85B}.Release|x86.Deploy.0 = Release|x86
		{DA4346F9-E2BE-423D-9F50-CCD5CF784CEE}.Ad-Hoc|Any CPU.ActiveCfg = Ad-Hoc|iPhoneSimulator
		{DA4346F9-E2BE-423D-9F50-CCD5CF784CEE}.Ad-Hoc|ARM.ActiveCfg = Ad-Hoc|iPhone
		{DA4346F9-E2BE-423D-9F50-CCD5CF784CEE}.Ad-Hoc|iPhone.ActiveCfg = Ad-Hoc|iPhone
		{DA4346F9-E2BE-423D-9F50-CCD5CF784CEE}.Ad-Hoc|iPhone.Build.0 = Ad-Hoc|iPhone
		{DA4346F9-E2BE-423D-9F50-CCD5CF784CEE}.Ad-Hoc|iPhoneSimulator.ActiveCfg = Ad-Hoc|iPhoneSimulator
		{DA4346F9-E2BE-423D-9F50-CCD5CF784CEE}.Ad-Hoc|iPhoneSimulator.Build.0 = Ad-Hoc|iPhoneSimulator
		{DA4346F9-E2BE-423D-9F50-CCD5CF784CEE}.Ad-Hoc|x64.ActiveCfg = Ad-Hoc|iPhone
		{DA4346F9-E2BE-423D-9F50-CCD5CF784CEE}.Ad-Hoc|x86.ActiveCfg = Ad-Hoc|iPhone
		{DA4346F9-E2BE-423D-9F50-CCD5CF784CEE}.AppStore|Any CPU.ActiveCfg = AppStore|iPhoneSimulator
		{DA4346F9-E2BE-423D-9F50-CCD5CF784CEE}.AppStore|ARM.ActiveCfg = AppStore|iPhone
		{DA4346F9-E2BE-423D-9F50-CCD5CF784CEE}.AppStore|iPhone.ActiveCfg = AppStore|iPhone
		{DA4346F9-E2BE-423D-9F50-CCD5CF784CEE}.AppStore|iPhone.Build.0 = AppStore|iPhone
		{DA4346F9-E2BE-423D-9F50-CCD5CF784CEE}.AppStore|iPhoneSimulator.ActiveCfg = AppStore|iPhoneSimulator
		{DA4346F9-E2BE-423D-9F50-CCD5CF784CEE}.AppStore|iPhoneSimulator.Build.0 = AppStore|iPhoneSimulator
		{DA4346F9-E2BE-423D-9F50-CCD5CF784CEE}.AppStore|x64.ActiveCfg = AppStore|iPhone
		{DA4346F9-E2BE-423D-9F50-CCD5CF784CEE}.AppStore|x86.ActiveCfg = AppStore|iPhone
		{DA4346F9-E2BE-423D-9F50-CCD5CF784CEE}.Debug|Any CPU.ActiveCfg = Debug|iPhoneSimulator
		{DA4346F9-E2BE-423D-9F50-CCD5CF784CEE}.Debug|ARM.ActiveCfg = Debug|iPhone
		{DA4346F9-E2BE-423D-9F50-CCD5CF784CEE}.Debug|iPhone.ActiveCfg = Debug|iPhone
		{DA4346F9-E2BE-423D-9F50-CCD5CF784CEE}.Debug|iPhone.Build.0 = Debug|iPhone
		{DA4346F9-E2BE-423D-9F50-CCD5CF784CEE}.Debug|iPhoneSimulator.ActiveCfg = Debug|iPhoneSimulator
		{DA4346F9-E2BE-423D-9F50-CCD5CF784CEE}.Debug|iPhoneSimulator.Build.0 = Debug|iPhoneSimulator
		{DA4346F9-E2BE-423D-9F50-CCD5CF784CEE}.Debug|x64.ActiveCfg = Debug|iPhone
		{DA4346F9-E2BE-423D-9F50-CCD5CF784CEE}.Debug|x86.ActiveCfg = Debug|iPhone
		{DA4346F9-E2BE-423D-9F50-CCD5CF784CEE}.Release|Any CPU.ActiveCfg = Release|iPhoneSimulator
		{DA4346F9-E2BE-423D-9F50-CCD5CF784CEE}.Release|ARM.ActiveCfg = Release|iPhone
		{DA4346F9-E2BE-423D-9F50-CCD5CF784CEE}.Release|iPhone.ActiveCfg = Release|iPhone
		{DA4346F9-E2BE-423D-9F50-CCD5CF784CEE}.Release|iPhone.Build.0 = Release|iPhone
		{DA4346F9-E2BE-423D-9F50-CCD5CF784CEE}.Release|iPhoneSimulator.ActiveCfg = Release|iPhoneSimulator
		{DA4346F9-E2BE-423D-9F50-CCD5CF784CEE}.Release|iPhoneSimulator.Build.0 = Release|iPhoneSimulator
		{DA4346F9-E2BE-423D-9F50-CCD5CF784CEE}.Release|x64.ActiveCfg = Release|iPhone
		{DA4346F9-E2BE-423D-9F50-CCD5CF784CEE}.Release|x86.ActiveCfg = Release|iPhone
		{B8D07680-42D8-4738-97E6-B8A8A16FA872}.Ad-Hoc|Any CPU.ActiveCfg = Release|Any CPU
		{B8D07680-42D8-4738-97E6-B8A8A16FA872}.Ad-Hoc|Any CPU.Build.0 = Release|Any CPU
		{B8D07680-42D8-4738-97E6-B8A8A16FA872}.Ad-Hoc|ARM.ActiveCfg = Release|Any CPU
		{B8D07680-42D8-4738-97E6-B8A8A16FA872}.Ad-Hoc|ARM.Build.0 = Release|Any CPU
		{B8D07680-42D8-4738-97E6-B8A8A16FA872}.Ad-Hoc|iPhone.ActiveCfg = Release|Any CPU
		{B8D07680-42D8-4738-97E6-B8A8A16FA872}.Ad-Hoc|iPhone.Build.0 = Release|Any CPU
		{B8D07680-42D8-4738-97E6-B8A8A16FA872}.Ad-Hoc|iPhoneSimulator.ActiveCfg = Release|Any CPU
		{B8D07680-42D8-4738-97E6-B8A8A16FA872}.Ad-Hoc|iPhoneSimulator.Build.0 = Release|Any CPU
		{B8D07680-42D8-4738-97E6-B8A8A16FA872}.Ad-Hoc|x64.ActiveCfg = Release|Any CPU
		{B8D07680-42D8-4738-97E6-B8A8A16FA872}.Ad-Hoc|x64.Build.0 = Release|Any CPU
		{B8D07680-42D8-4738-97E6-B8A8A16FA872}.Ad-Hoc|x86.ActiveCfg = Release|Any CPU
		{B8D07680-42D8-4738-97E6-B8A8A16FA872}.Ad-Hoc|x86.Build.0 = Release|Any CPU
		{B8D07680-42D8-4738-97E6-B8A8A16FA872}.AppStore|Any CPU.ActiveCfg = Release|Any CPU
		{B8D07680-42D8-4738-97E6-B8A8A16FA872}.AppStore|Any CPU.Build.0 = Release|Any CPU
		{B8D07680-42D8-4738-97E6-B8A8A16FA872}.AppStore|ARM.ActiveCfg = Release|Any CPU
		{B8D07680-42D8-4738-97E6-B8A8A16FA872}.AppStore|ARM.Build.0 = Release|Any CPU
		{B8D07680-42D8-4738-97E6-B8A8A16FA872}.AppStore|iPhone.ActiveCfg = Release|Any CPU
		{B8D07680-42D8-4738-97E6-B8A8A16FA872}.AppStore|iPhone.Build.0 = Release|Any CPU
		{B8D07680-42D8-4738-97E6-B8A8A16FA872}.AppStore|iPhoneSimulator.ActiveCfg = Release|Any CPU
		{B8D07680-42D8-4738-97E6-B8A8A16FA872}.AppStore|iPhoneSimulator.Build.0 = Release|Any CPU
		{B8D07680-42D8-4738-97E6-B8A8A16FA872}.AppStore|x64.ActiveCfg = Release|Any CPU
		{B8D07680-42D8-4738-97E6-B8A8A16FA872}.AppStore|x64.Build.0 = Release|Any CPU
		{B8D07680-42D8-4738-97E6-B8A8A16FA872}.AppStore|x86.ActiveCfg = Release|Any CPU
		{B8D07680-42D8-4738-97E6-B8A8A16FA872}.AppStore|x86.Build.0 = Release|Any CPU
		{B8D07680-42D8-4738-97E6-B8A8A16FA872}.Debug|Any CPU.ActiveCfg = Debug|Any CPU
		{B8D07680-42D8-4738-97E6-B8A8A16FA872}.Debug|Any CPU.Build.0 = Debug|Any CPU
		{B8D07680-42D8-4738-97E6-B8A8A16FA872}.Debug|ARM.ActiveCfg = Debug|Any CPU
		{B8D07680-42D8-4738-97E6-B8A8A16FA872}.Debug|ARM.Build.0 = Debug|Any CPU
		{B8D07680-42D8-4738-97E6-B8A8A16FA872}.Debug|iPhone.ActiveCfg = Debug|Any CPU
		{B8D07680-42D8-4738-97E6-B8A8A16FA872}.Debug|iPhone.Build.0 = Debug|Any CPU
		{B8D07680-42D8-4738-97E6-B8A8A16FA872}.Debug|iPhoneSimulator.ActiveCfg = Debug|Any CPU
		{B8D07680-42D8-4738-97E6-B8A8A16FA872}.Debug|iPhoneSimulator.Build.0 = Debug|Any CPU
		{B8D07680-42D8-4738-97E6-B8A8A16FA872}.Debug|x64.ActiveCfg = Debug|Any CPU
		{B8D07680-42D8-4738-97E6-B8A8A16FA872}.Debug|x64.Build.0 = Debug|Any CPU
		{B8D07680-42D8-4738-97E6-B8A8A16FA872}.Debug|x86.ActiveCfg = Debug|Any CPU
		{B8D07680-42D8-4738-97E6-B8A8A16FA872}.Debug|x86.Build.0 = Debug|Any CPU
		{B8D07680-42D8-4738-97E6-B8A8A16FA872}.Release|Any CPU.ActiveCfg = Release|Any CPU
		{B8D07680-42D8-4738-97E6-B8A8A16FA872}.Release|Any CPU.Build.0 = Release|Any CPU
		{B8D07680-42D8-4738-97E6-B8A8A16FA872}.Release|ARM.ActiveCfg = Release|Any CPU
		{B8D07680-42D8-4738-97E6-B8A8A16FA872}.Release|ARM.Build.0 = Release|Any CPU
		{B8D07680-42D8-4738-97E6-B8A8A16FA872}.Release|iPhone.ActiveCfg = Release|Any CPU
		{B8D07680-42D8-4738-97E6-B8A8A16FA872}.Release|iPhone.Build.0 = Release|Any CPU
		{B8D07680-42D8-4738-97E6-B8A8A16FA872}.Release|iPhoneSimulator.ActiveCfg = Release|Any CPU
		{B8D07680-42D8-4738-97E6-B8A8A16FA872}.Release|iPhoneSimulator.Build.0 = Release|Any CPU
		{B8D07680-42D8-4738-97E6-B8A8A16FA872}.Release|x64.ActiveCfg = Release|Any CPU
		{B8D07680-42D8-4738-97E6-B8A8A16FA872}.Release|x64.Build.0 = Release|Any CPU
		{B8D07680-42D8-4738-97E6-B8A8A16FA872}.Release|x86.ActiveCfg = Release|Any CPU
		{B8D07680-42D8-4738-97E6-B8A8A16FA872}.Release|x86.Build.0 = Release|Any CPU
		{2B066AAE-0E48-45B1-8CAD-3FFC7BCCE491}.Ad-Hoc|Any CPU.ActiveCfg = Release|Any CPU
		{2B066AAE-0E48-45B1-8CAD-3FFC7BCCE491}.Ad-Hoc|Any CPU.Build.0 = Release|Any CPU
		{2B066AAE-0E48-45B1-8CAD-3FFC7BCCE491}.Ad-Hoc|ARM.ActiveCfg = Release|Any CPU
		{2B066AAE-0E48-45B1-8CAD-3FFC7BCCE491}.Ad-Hoc|ARM.Build.0 = Release|Any CPU
		{2B066AAE-0E48-45B1-8CAD-3FFC7BCCE491}.Ad-Hoc|iPhone.ActiveCfg = Release|Any CPU
		{2B066AAE-0E48-45B1-8CAD-3FFC7BCCE491}.Ad-Hoc|iPhone.Build.0 = Release|Any CPU
		{2B066AAE-0E48-45B1-8CAD-3FFC7BCCE491}.Ad-Hoc|iPhoneSimulator.ActiveCfg = Release|Any CPU
		{2B066AAE-0E48-45B1-8CAD-3FFC7BCCE491}.Ad-Hoc|iPhoneSimulator.Build.0 = Release|Any CPU
		{2B066AAE-0E48-45B1-8CAD-3FFC7BCCE491}.Ad-Hoc|x64.ActiveCfg = Release|Any CPU
		{2B066AAE-0E48-45B1-8CAD-3FFC7BCCE491}.Ad-Hoc|x64.Build.0 = Release|Any CPU
		{2B066AAE-0E48-45B1-8CAD-3FFC7BCCE491}.Ad-Hoc|x86.ActiveCfg = Release|Any CPU
		{2B066AAE-0E48-45B1-8CAD-3FFC7BCCE491}.Ad-Hoc|x86.Build.0 = Release|Any CPU
		{2B066AAE-0E48-45B1-8CAD-3FFC7BCCE491}.AppStore|Any CPU.ActiveCfg = Release|Any CPU
		{2B066AAE-0E48-45B1-8CAD-3FFC7BCCE491}.AppStore|Any CPU.Build.0 = Release|Any CPU
		{2B066AAE-0E48-45B1-8CAD-3FFC7BCCE491}.AppStore|ARM.ActiveCfg = Release|Any CPU
		{2B066AAE-0E48-45B1-8CAD-3FFC7BCCE491}.AppStore|ARM.Build.0 = Release|Any CPU
		{2B066AAE-0E48-45B1-8CAD-3FFC7BCCE491}.AppStore|iPhone.ActiveCfg = Release|Any CPU
		{2B066AAE-0E48-45B1-8CAD-3FFC7BCCE491}.AppStore|iPhone.Build.0 = Release|Any CPU
		{2B066AAE-0E48-45B1-8CAD-3FFC7BCCE491}.AppStore|iPhoneSimulator.ActiveCfg = Release|Any CPU
		{2B066AAE-0E48-45B1-8CAD-3FFC7BCCE491}.AppStore|iPhoneSimulator.Build.0 = Release|Any CPU
		{2B066AAE-0E48-45B1-8CAD-3FFC7BCCE491}.AppStore|x64.ActiveCfg = Release|Any CPU
		{2B066AAE-0E48-45B1-8CAD-3FFC7BCCE491}.AppStore|x64.Build.0 = Release|Any CPU
		{2B066AAE-0E48-45B1-8CAD-3FFC7BCCE491}.AppStore|x86.ActiveCfg = Release|Any CPU
		{2B066AAE-0E48-45B1-8CAD-3FFC7BCCE491}.AppStore|x86.Build.0 = Release|Any CPU
		{2B066AAE-0E48-45B1-8CAD-3FFC7BCCE491}.Debug|Any CPU.ActiveCfg = Debug|Any CPU
		{2B066AAE-0E48-45B1-8CAD-3FFC7BCCE491}.Debug|Any CPU.Build.0 = Debug|Any CPU
		{2B066AAE-0E48-45B1-8CAD-3FFC7BCCE491}.Debug|ARM.ActiveCfg = Debug|Any CPU
		{2B066AAE-0E48-45B1-8CAD-3FFC7BCCE491}.Debug|ARM.Build.0 = Debug|Any CPU
		{2B066AAE-0E48-45B1-8CAD-3FFC7BCCE491}.Debug|iPhone.ActiveCfg = Debug|Any CPU
		{2B066AAE-0E48-45B1-8CAD-3FFC7BCCE491}.Debug|iPhone.Build.0 = Debug|Any CPU
		{2B066AAE-0E48-45B1-8CAD-3FFC7BCCE491}.Debug|iPhoneSimulator.ActiveCfg = Debug|Any CPU
		{2B066AAE-0E48-45B1-8CAD-3FFC7BCCE491}.Debug|iPhoneSimulator.Build.0 = Debug|Any CPU
		{2B066AAE-0E48-45B1-8CAD-3FFC7BCCE491}.Debug|x64.ActiveCfg = Debug|Any CPU
		{2B066AAE-0E48-45B1-8CAD-3FFC7BCCE491}.Debug|x64.Build.0 = Debug|Any CPU
		{2B066AAE-0E48-45B1-8CAD-3FFC7BCCE491}.Debug|x86.ActiveCfg = Debug|Any CPU
		{2B066AAE-0E48-45B1-8CAD-3FFC7BCCE491}.Debug|x86.Build.0 = Debug|Any CPU
		{2B066AAE-0E48-45B1-8CAD-3FFC7BCCE491}.Release|Any CPU.ActiveCfg = Release|Any CPU
		{2B066AAE-0E48-45B1-8CAD-3FFC7BCCE491}.Release|Any CPU.Build.0 = Release|Any CPU
		{2B066AAE-0E48-45B1-8CAD-3FFC7BCCE491}.Release|ARM.ActiveCfg = Release|Any CPU
		{2B066AAE-0E48-45B1-8CAD-3FFC7BCCE491}.Release|ARM.Build.0 = Release|Any CPU
		{2B066AAE-0E48-45B1-8CAD-3FFC7BCCE491}.Release|iPhone.ActiveCfg = Release|Any CPU
		{2B066AAE-0E48-45B1-8CAD-3FFC7BCCE491}.Release|iPhone.Build.0 = Release|Any CPU
		{2B066AAE-0E48-45B1-8CAD-3FFC7BCCE491}.Release|iPhoneSimulator.ActiveCfg = Release|Any CPU
		{2B066AAE-0E48-45B1-8CAD-3FFC7BCCE491}.Release|iPhoneSimulator.Build.0 = Release|Any CPU
		{2B066AAE-0E48-45B1-8CAD-3FFC7BCCE491}.Release|x64.ActiveCfg = Release|Any CPU
		{2B066AAE-0E48-45B1-8CAD-3FFC7BCCE491}.Release|x64.Build.0 = Release|Any CPU
		{2B066AAE-0E48-45B1-8CAD-3FFC7BCCE491}.Release|x86.ActiveCfg = Release|Any CPU
		{2B066AAE-0E48-45B1-8CAD-3FFC7BCCE491}.Release|x86.Build.0 = Release|Any CPU
		{60B91B7E-E1D0-4018-AC9E-F27A3204A8FE}.Ad-Hoc|Any CPU.ActiveCfg = Release|Any CPU
		{60B91B7E-E1D0-4018-AC9E-F27A3204A8FE}.Ad-Hoc|Any CPU.Build.0 = Release|Any CPU
		{60B91B7E-E1D0-4018-AC9E-F27A3204A8FE}.Ad-Hoc|ARM.ActiveCfg = Release|Any CPU
		{60B91B7E-E1D0-4018-AC9E-F27A3204A8FE}.Ad-Hoc|ARM.Build.0 = Release|Any CPU
		{60B91B7E-E1D0-4018-AC9E-F27A3204A8FE}.Ad-Hoc|iPhone.ActiveCfg = Release|Any CPU
		{60B91B7E-E1D0-4018-AC9E-F27A3204A8FE}.Ad-Hoc|iPhone.Build.0 = Release|Any CPU
		{60B91B7E-E1D0-4018-AC9E-F27A3204A8FE}.Ad-Hoc|iPhoneSimulator.ActiveCfg = Release|Any CPU
		{60B91B7E-E1D0-4018-AC9E-F27A3204A8FE}.Ad-Hoc|iPhoneSimulator.Build.0 = Release|Any CPU
		{60B91B7E-E1D0-4018-AC9E-F27A3204A8FE}.Ad-Hoc|x64.ActiveCfg = Release|Any CPU
		{60B91B7E-E1D0-4018-AC9E-F27A3204A8FE}.Ad-Hoc|x64.Build.0 = Release|Any CPU
		{60B91B7E-E1D0-4018-AC9E-F27A3204A8FE}.Ad-Hoc|x86.ActiveCfg = Release|Any CPU
		{60B91B7E-E1D0-4018-AC9E-F27A3204A8FE}.Ad-Hoc|x86.Build.0 = Release|Any CPU
		{60B91B7E-E1D0-4018-AC9E-F27A3204A8FE}.AppStore|Any CPU.ActiveCfg = Release|Any CPU
		{60B91B7E-E1D0-4018-AC9E-F27A3204A8FE}.AppStore|Any CPU.Build.0 = Release|Any CPU
		{60B91B7E-E1D0-4018-AC9E-F27A3204A8FE}.AppStore|ARM.ActiveCfg = Release|Any CPU
		{60B91B7E-E1D0-4018-AC9E-F27A3204A8FE}.AppStore|ARM.Build.0 = Release|Any CPU
		{60B91B7E-E1D0-4018-AC9E-F27A3204A8FE}.AppStore|iPhone.ActiveCfg = Release|Any CPU
		{60B91B7E-E1D0-4018-AC9E-F27A3204A8FE}.AppStore|iPhone.Build.0 = Release|Any CPU
		{60B91B7E-E1D0-4018-AC9E-F27A3204A8FE}.AppStore|iPhoneSimulator.ActiveCfg = Release|Any CPU
		{60B91B7E-E1D0-4018-AC9E-F27A3204A8FE}.AppStore|iPhoneSimulator.Build.0 = Release|Any CPU
		{60B91B7E-E1D0-4018-AC9E-F27A3204A8FE}.AppStore|x64.ActiveCfg = Release|Any CPU
		{60B91B7E-E1D0-4018-AC9E-F27A3204A8FE}.AppStore|x64.Build.0 = Release|Any CPU
		{60B91B7E-E1D0-4018-AC9E-F27A3204A8FE}.AppStore|x86.ActiveCfg = Release|Any CPU
		{60B91B7E-E1D0-4018-AC9E-F27A3204A8FE}.AppStore|x86.Build.0 = Release|Any CPU
		{60B91B7E-E1D0-4018-AC9E-F27A3204A8FE}.Debug|Any CPU.ActiveCfg = Debug|Any CPU
		{60B91B7E-E1D0-4018-AC9E-F27A3204A8FE}.Debug|Any CPU.Build.0 = Debug|Any CPU
		{60B91B7E-E1D0-4018-AC9E-F27A3204A8FE}.Debug|ARM.ActiveCfg = Debug|Any CPU
		{60B91B7E-E1D0-4018-AC9E-F27A3204A8FE}.Debug|ARM.Build.0 = Debug|Any CPU
		{60B91B7E-E1D0-4018-AC9E-F27A3204A8FE}.Debug|iPhone.ActiveCfg = Debug|Any CPU
		{60B91B7E-E1D0-4018-AC9E-F27A3204A8FE}.Debug|iPhone.Build.0 = Debug|Any CPU
		{60B91B7E-E1D0-4018-AC9E-F27A3204A8FE}.Debug|iPhoneSimulator.ActiveCfg = Debug|Any CPU
		{60B91B7E-E1D0-4018-AC9E-F27A3204A8FE}.Debug|iPhoneSimulator.Build.0 = Debug|Any CPU
		{60B91B7E-E1D0-4018-AC9E-F27A3204A8FE}.Debug|x64.ActiveCfg = Debug|Any CPU
		{60B91B7E-E1D0-4018-AC9E-F27A3204A8FE}.Debug|x64.Build.0 = Debug|Any CPU
		{60B91B7E-E1D0-4018-AC9E-F27A3204A8FE}.Debug|x86.ActiveCfg = Debug|Any CPU
		{60B91B7E-E1D0-4018-AC9E-F27A3204A8FE}.Debug|x86.Build.0 = Debug|Any CPU
		{60B91B7E-E1D0-4018-AC9E-F27A3204A8FE}.Release|Any CPU.ActiveCfg = Release|Any CPU
		{60B91B7E-E1D0-4018-AC9E-F27A3204A8FE}.Release|Any CPU.Build.0 = Release|Any CPU
		{60B91B7E-E1D0-4018-AC9E-F27A3204A8FE}.Release|ARM.ActiveCfg = Release|Any CPU
		{60B91B7E-E1D0-4018-AC9E-F27A3204A8FE}.Release|ARM.Build.0 = Release|Any CPU
		{60B91B7E-E1D0-4018-AC9E-F27A3204A8FE}.Release|iPhone.ActiveCfg = Release|Any CPU
		{60B91B7E-E1D0-4018-AC9E-F27A3204A8FE}.Release|iPhone.Build.0 = Release|Any CPU
		{60B91B7E-E1D0-4018-AC9E-F27A3204A8FE}.Release|iPhoneSimulator.ActiveCfg = Release|Any CPU
		{60B91B7E-E1D0-4018-AC9E-F27A3204A8FE}.Release|iPhoneSimulator.Build.0 = Release|Any CPU
		{60B91B7E-E1D0-4018-AC9E-F27A3204A8FE}.Release|x64.ActiveCfg = Release|Any CPU
		{60B91B7E-E1D0-4018-AC9E-F27A3204A8FE}.Release|x64.Build.0 = Release|Any CPU
		{60B91B7E-E1D0-4018-AC9E-F27A3204A8FE}.Release|x86.ActiveCfg = Release|Any CPU
		{60B91B7E-E1D0-4018-AC9E-F27A3204A8FE}.Release|x86.Build.0 = Release|Any CPU
	EndGlobalSection
	GlobalSection(SolutionProperties) = preSolution
		HideSolutionNode = FALSE
	EndGlobalSection
	GlobalSection(ExtensibilityGlobals) = postSolution
		SolutionGuid = {AE73D89E-D99C-46B0-9A2F-C3D4596E63D8}
	EndGlobalSection
EndGlobal
